
Microsoft Visual Studio Solution File, Format Version 12.00
# Visual Studio Version 17
VisualStudioVersion = 17.2.32630.192
MinimumVisualStudioVersion = 10.0.40219.1
Project("{9A19103F-16F7-4668-BE54-9A1E7A4F7556}") = "DayDoc.Web", "DayDoc.Web\DayDoc.Web.csproj", "{5B943B5E-B60C-42DC-B947-E75D41745E4E}"
EndProject
Project("{9A19103F-16F7-4668-BE54-9A1E7A4F7556}") = "DayDoc.Components", "DayDoc.Components\DayDoc.Components.csproj", "{87DEC71E-C867-481E-8B49-118ED3F82EB1}"
EndProject
Project("{9A19103F-16F7-4668-BE54-9A1E7A4F7556}") = "DayDoc.Objects", "DayDoc.Objects\DayDoc.Objects.csproj", "{4DB9F657-FF62-4BE2-B35D-E8B67F84ED29}"
EndProject
Global
	GlobalSection(SolutionConfigurationPlatforms) = preSolution
		Debug|Any CPU = Debug|Any CPU
		Release|Any CPU = Release|Any CPU
	EndGlobalSection
	GlobalSection(ProjectConfigurationPlatforms) = postSolution
		{5B943B5E-B60C-42DC-B947-E75D41745E4E}.Debug|Any CPU.ActiveCfg = Debug|Any CPU
		{5B943B5E-B60C-42DC-B947-E75D41745E4E}.Debug|Any CPU.Build.0 = Debug|Any CPU
		{5B943B5E-B60C-42DC-B947-E75D41745E4E}.Release|Any CPU.ActiveCfg = Release|Any CPU
		{5B943B5E-B60C-42DC-B947-E75D41745E4E}.Release|Any CPU.Build.0 = Release|Any CPU
		{87DEC71E-C867-481E-8B49-118ED3F82EB1}.Debug|Any CPU.ActiveCfg = Debug|Any CPU
		{87DEC71E-C867-481E-8B49-118ED3F82EB1}.Debug|Any CPU.Build.0 = Debug|Any CPU
		{87DEC71E-C867-481E-8B49-118ED3F82EB1}.Release|Any CPU.ActiveCfg = Release|Any CPU
		{87DEC71E-C867-481E-8B49-118ED3F82EB1}.Release|Any CPU.Build.0 = Release|Any CPU
		{4DB9F657-FF62-4BE2-B35D-E8B67F84ED29}.Debug|Any CPU.ActiveCfg = Debug|Any CPU
		{4DB9F657-FF62-4BE2-B35D-E8B67F84ED29}.Debug|Any CPU.Build.0 = Debug|Any CPU
		{4DB9F657-FF62-4BE2-B35D-E8B67F84ED29}.Release|Any CPU.ActiveCfg = Release|Any CPU
		{4DB9F657-FF62-4BE2-B35D-E8B67F84ED29}.Release|Any CPU.Build.0 = Release|Any CPU
	EndGlobalSection
	GlobalSection(SolutionProperties) = preSolution
		HideSolutionNode = FALSE
	EndGlobalSection
	GlobalSection(ExtensibilityGlobals) = postSolution
		SolutionGuid = {361F3CE9-6F55-4872-8A57-2E0D67ADBE1D}
	EndGlobalSection
EndGlobal
